
Microsoft Visual Studio Solution File, Format Version 12.00
# Visual Studio Version 17
VisualStudioVersion = 17.3.32929.385
MinimumVisualStudioVersion = 10.0.40219.1
Project("{FAE04EC0-301F-11D3-BF4B-00C04F79EFBC}") = "QLNH.WebApp", "QLNH.WebApp\QLNH.WebApp.csproj", "{74938B2B-2730-463F-B40A-48A7D993440D}"
EndProject
Project("{FAE04EC0-301F-11D3-BF4B-00C04F79EFBC}") = "QLNH.Data", "QLNH.Data\QLNH.Data.csproj", "{5E11106C-8A1F-434A-8DC4-22607D2B9EE8}"
EndProject
Project("{FAE04EC0-301F-11D3-BF4B-00C04F79EFBC}") = "QLNH.Application", "QLNH.Application\QLNH.Application.csproj", "{51CB65C0-E69A-4783-B4F0-DF976D562664}"
EndProject
Global
	GlobalSection(SolutionConfigurationPlatforms) = preSolution
		Debug|Any CPU = Debug|Any CPU
		Release|Any CPU = Release|Any CPU
	EndGlobalSection
	GlobalSection(ProjectConfigurationPlatforms) = postSolution
		{74938B2B-2730-463F-B40A-48A7D993440D}.Debug|Any CPU.ActiveCfg = Debug|Any CPU
		{74938B2B-2730-463F-B40A-48A7D993440D}.Debug|Any CPU.Build.0 = Debug|Any CPU
		{74938B2B-2730-463F-B40A-48A7D993440D}.Release|Any CPU.ActiveCfg = Release|Any CPU
		{74938B2B-2730-463F-B40A-48A7D993440D}.Release|Any CPU.Build.0 = Release|Any CPU
		{5E11106C-8A1F-434A-8DC4-22607D2B9EE8}.Debug|Any CPU.ActiveCfg = Debug|Any CPU
		{5E11106C-8A1F-434A-8DC4-22607D2B9EE8}.Debug|Any CPU.Build.0 = Debug|Any CPU
		{5E11106C-8A1F-434A-8DC4-22607D2B9EE8}.Release|Any CPU.ActiveCfg = Release|Any CPU
		{5E11106C-8A1F-434A-8DC4-22607D2B9EE8}.Release|Any CPU.Build.0 = Release|Any CPU
		{51CB65C0-E69A-4783-B4F0-DF976D562664}.Debug|Any CPU.ActiveCfg = Debug|Any CPU
		{51CB65C0-E69A-4783-B4F0-DF976D562664}.Debug|Any CPU.Build.0 = Debug|Any CPU
		{51CB65C0-E69A-4783-B4F0-DF976D562664}.Release|Any CPU.ActiveCfg = Release|Any CPU
		{51CB65C0-E69A-4783-B4F0-DF976D562664}.Release|Any CPU.Build.0 = Release|Any CPU
	EndGlobalSection
	GlobalSection(SolutionProperties) = preSolution
		HideSolutionNode = FALSE
	EndGlobalSection
	GlobalSection(ExtensibilityGlobals) = postSolution
		SolutionGuid = {D8BBAF4C-C760-4FBC-850E-4026F34BD448}
	EndGlobalSection
EndGlobal
